
Microsoft Visual Studio Solution File, Format Version 12.00
# Visual Studio Version 17
VisualStudioVersion = 17.13.35828.75 d17.13
MinimumVisualStudioVersion = 10.0.40219.1
Project("{FAE04EC0-301F-11D3-BF4B-00C04F79EFBC}") = "CS30SExample", "CS30SExample\CS30SExample.csproj", "{1696E829-6F94-4948-9657-C1F527B45CCD}"
EndProject
Global
	GlobalSection(SolutionConfigurationPlatforms) = preSolution
		Debug|Any CPU = Debug|Any CPU
		Release|Any CPU = Release|Any CPU
	EndGlobalSection
	GlobalSection(ProjectConfigurationPlatforms) = postSolution
		{1696E829-6F94-4948-9657-C1F527B45CCD}.Debug|Any CPU.ActiveCfg = Debug|Any CPU
		{1696E829-6F94-4948-9657-C1F527B45CCD}.Debug|Any CPU.Build.0 = Debug|Any CPU
		{1696E829-6F94-4948-9657-C1F527B45CCD}.Release|Any CPU.ActiveCfg = Release|Any CPU
		{1696E829-6F94-4948-9657-C1F527B45CCD}.Release|Any CPU.Build.0 = Release|Any CPU
	EndGlobalSection
	GlobalSection(SolutionProperties) = preSolution
		HideSolutionNode = FALSE
	EndGlobalSection
	GlobalSection(ExtensibilityGlobals) = postSolution
		SolutionGuid = {2EE678EB-E6D1-4839-A241-69CEBD199F60}
	EndGlobalSection
EndGlobal
